// !$*UTF8*$!
{
	archiveVersion = 1;
	classes = {
	};
	objectVersion = 46;
	objects = {

/* Begin PBXBuildFile section */
		CE1AFC5E1CAD1BC700FEC9F4 /* AlertViewController.m in Sources */ = {isa = PBXBuildFile; fileRef = CE1AFC5D1CAD1BC700FEC9F4 /* AlertViewController.m */; };
		CE1D242C1CBBCFAB003565A4 /* ORMRequestImageModel.m in Sources */ = {isa = PBXBuildFile; fileRef = CE1D242B1CBBCFAB003565A4 /* ORMRequestImageModel.m */; };
		CE265EE51CACAA6D0014D4B9 /* main.m in Sources */ = {isa = PBXBuildFile; fileRef = CE265EE41CACAA6D0014D4B9 /* main.m */; };
		CE265EE81CACAA6D0014D4B9 /* AppDelegate.m in Sources */ = {isa = PBXBuildFile; fileRef = CE265EE71CACAA6D0014D4B9 /* AppDelegate.m */; };
		CE265EEB1CACAA6D0014D4B9 /* ViewController.m in Sources */ = {isa = PBXBuildFile; fileRef = CE265EEA1CACAA6D0014D4B9 /* ViewController.m */; };
		CE265EEE1CACAA6D0014D4B9 /* Main.storyboard in Resources */ = {isa = PBXBuildFile; fileRef = CE265EEC1CACAA6D0014D4B9 /* Main.storyboard */; };
		CE265EF01CACAA6D0014D4B9 /* Assets.xcassets in Resources */ = {isa = PBXBuildFile; fileRef = CE265EEF1CACAA6D0014D4B9 /* Assets.xcassets */; };
		CE265EF31CACAA6D0014D4B9 /* LaunchScreen.storyboard in Resources */ = {isa = PBXBuildFile; fileRef = CE265EF11CACAA6D0014D4B9 /* LaunchScreen.storyboard */; };
		CE265EFE1CACAA6D0014D4B9 /* ORMImageCropperTests.m in Sources */ = {isa = PBXBuildFile; fileRef = CE265EFD1CACAA6D0014D4B9 /* ORMImageCropperTests.m */; };
		CE265F091CACAA6D0014D4B9 /* ORMImageCropperUITests.m in Sources */ = {isa = PBXBuildFile; fileRef = CE265F081CACAA6D0014D4B9 /* ORMImageCropperUITests.m */; };
		CE265F191CACAB0F0014D4B9 /* ORMImageCropper.m in Sources */ = {isa = PBXBuildFile; fileRef = CE265F181CACAB0F0014D4B9 /* ORMImageCropper.m */; };
		CE26FE571CBED3B1007401DC /* default.jpg in Resources */ = {isa = PBXBuildFile; fileRef = CE26FE561CBED3B1007401DC /* default.jpg */; };
		CE2C30E01CB2639E00BDF512 /* ORMImageModel.m in Sources */ = {isa = PBXBuildFile; fileRef = CE2C30DF1CB2639E00BDF512 /* ORMImageModel.m */; };
		CE4BB2211CB25E280094553C /* ORMImageDataModel.m in Sources */ = {isa = PBXBuildFile; fileRef = CE4BB2201CB25E280094553C /* ORMImageDataModel.m */; };
		CE6D62A41CAF985600819EDB /* ORMOverflowViewController.m in Sources */ = {isa = PBXBuildFile; fileRef = CE6D62A21CAF985600819EDB /* ORMOverflowViewController.m */; };
		CE6D62A51CAF985600819EDB /* ORMOverflowViewController.xib in Resources */ = {isa = PBXBuildFile; fileRef = CE6D62A31CAF985600819EDB /* ORMOverflowViewController.xib */; };
		CE9EE0021CB16F440039AC3F /* ORMImageRequestModel.m in Sources */ = {isa = PBXBuildFile; fileRef = CE9EE0011CB16F440039AC3F /* ORMImageRequestModel.m */; };
/* End PBXBuildFile section */

/* Begin PBXContainerItemProxy section */
		CE265EFA1CACAA6D0014D4B9 /* PBXContainerItemProxy */ = {
			isa = PBXContainerItemProxy;
			containerPortal = CE265ED81CACAA6D0014D4B9 /* Project object */;
			proxyType = 1;
			remoteGlobalIDString = CE265EDF1CACAA6D0014D4B9;
			remoteInfo = ORMImageCropper;
		};
		CE265F051CACAA6D0014D4B9 /* PBXContainerItemProxy */ = {
			isa = PBXContainerItemProxy;
			containerPortal = CE265ED81CACAA6D0014D4B9 /* Project object */;
			proxyType = 1;
			remoteGlobalIDString = CE265EDF1CACAA6D0014D4B9;
			remoteInfo = ORMImageCropper;
		};
/* End PBXContainerItemProxy section */

/* Begin PBXFileReference section */
		CE1AFC5C1CAD1BC700FEC9F4 /* AlertViewController.h */ = {isa = PBXFileReference; fileEncoding = 4; lastKnownFileType = sourcecode.c.h; path = AlertViewController.h; sourceTree = "<group>"; };
		CE1AFC5D1CAD1BC700FEC9F4 /* AlertViewController.m */ = {isa = PBXFileReference; fileEncoding = 4; lastKnownFileType = sourcecode.c.objc; path = AlertViewController.m; sourceTree = "<group>"; };
		CE1D242A1CBBCFAB003565A4 /* ORMRequestImageModel.h */ = {isa = PBXFileReference; fileEncoding = 4; lastKnownFileType = sourcecode.c.h; path = ORMRequestImageModel.h; sourceTree = "<group>"; };
		CE1D242B1CBBCFAB003565A4 /* ORMRequestImageModel.m */ = {isa = PBXFileReference; fileEncoding = 4; lastKnownFileType = sourcecode.c.objc; path = ORMRequestImageModel.m; sourceTree = "<group>"; };
		CE265EE01CACAA6D0014D4B9 /* ORMImageCropper.app */ = {isa = PBXFileReference; explicitFileType = wrapper.application; includeInIndex = 0; path = ORMImageCropper.app; sourceTree = BUILT_PRODUCTS_DIR; };
		CE265EE41CACAA6D0014D4B9 /* main.m */ = {isa = PBXFileReference; lastKnownFileType = sourcecode.c.objc; path = main.m; sourceTree = "<group>"; };
		CE265EE61CACAA6D0014D4B9 /* AppDelegate.h */ = {isa = PBXFileReference; lastKnownFileType = sourcecode.c.h; path = AppDelegate.h; sourceTree = "<group>"; };
		CE265EE71CACAA6D0014D4B9 /* AppDelegate.m */ = {isa = PBXFileReference; lastKnownFileType = sourcecode.c.objc; path = AppDelegate.m; sourceTree = "<group>"; };
		CE265EE91CACAA6D0014D4B9 /* ViewController.h */ = {isa = PBXFileReference; lastKnownFileType = sourcecode.c.h; path = ViewController.h; sourceTree = "<group>"; };
		CE265EEA1CACAA6D0014D4B9 /* ViewController.m */ = {isa = PBXFileReference; lastKnownFileType = sourcecode.c.objc; path = ViewController.m; sourceTree = "<group>"; };
		CE265EED1CACAA6D0014D4B9 /* Base */ = {isa = PBXFileReference; lastKnownFileType = file.storyboard; name = Base; path = Base.lproj/Main.storyboard; sourceTree = "<group>"; };
		CE265EEF1CACAA6D0014D4B9 /* Assets.xcassets */ = {isa = PBXFileReference; lastKnownFileType = folder.assetcatalog; path = Assets.xcassets; sourceTree = "<group>"; };
		CE265EF21CACAA6D0014D4B9 /* Base */ = {isa = PBXFileReference; lastKnownFileType = file.storyboard; name = Base; path = Base.lproj/LaunchScreen.storyboard; sourceTree = "<group>"; };
		CE265EF41CACAA6D0014D4B9 /* Info.plist */ = {isa = PBXFileReference; lastKnownFileType = text.plist.xml; path = Info.plist; sourceTree = "<group>"; };
		CE265EF91CACAA6D0014D4B9 /* ORMImageCropperTests.xctest */ = {isa = PBXFileReference; explicitFileType = wrapper.cfbundle; includeInIndex = 0; path = ORMImageCropperTests.xctest; sourceTree = BUILT_PRODUCTS_DIR; };
		CE265EFD1CACAA6D0014D4B9 /* ORMImageCropperTests.m */ = {isa = PBXFileReference; lastKnownFileType = sourcecode.c.objc; path = ORMImageCropperTests.m; sourceTree = "<group>"; };
		CE265EFF1CACAA6D0014D4B9 /* Info.plist */ = {isa = PBXFileReference; lastKnownFileType = text.plist.xml; path = Info.plist; sourceTree = "<group>"; };
		CE265F041CACAA6D0014D4B9 /* ORMImageCropperUITests.xctest */ = {isa = PBXFileReference; explicitFileType = wrapper.cfbundle; includeInIndex = 0; path = ORMImageCropperUITests.xctest; sourceTree = BUILT_PRODUCTS_DIR; };
		CE265F081CACAA6D0014D4B9 /* ORMImageCropperUITests.m */ = {isa = PBXFileReference; lastKnownFileType = sourcecode.c.objc; path = ORMImageCropperUITests.m; sourceTree = "<group>"; };
		CE265F0A1CACAA6D0014D4B9 /* Info.plist */ = {isa = PBXFileReference; lastKnownFileType = text.plist.xml; path = Info.plist; sourceTree = "<group>"; };
		CE265F171CACAB0F0014D4B9 /* ORMImageCropper.h */ = {isa = PBXFileReference; fileEncoding = 4; lastKnownFileType = sourcecode.c.h; path = ORMImageCropper.h; sourceTree = "<group>"; };
		CE265F181CACAB0F0014D4B9 /* ORMImageCropper.m */ = {isa = PBXFileReference; fileEncoding = 4; lastKnownFileType = sourcecode.c.objc; path = ORMImageCropper.m; sourceTree = "<group>"; };
		CE26FE561CBED3B1007401DC /* default.jpg */ = {isa = PBXFileReference; lastKnownFileType = image.jpeg; path = default.jpg; sourceTree = "<group>"; };
		CE2C30DF1CB2639E00BDF512 /* ORMImageModel.m */ = {isa = PBXFileReference; fileEncoding = 4; lastKnownFileType = sourcecode.c.objc; path = ORMImageModel.m; sourceTree = "<group>"; };
		CE4BB21A1CB255870094553C /* ORMImageDataModel.h */ = {isa = PBXFileReference; fileEncoding = 4; lastKnownFileType = sourcecode.c.h; path = ORMImageDataModel.h; sourceTree = "<group>"; };
		CE4BB21D1CB25CCB0094553C /* ORMImageModel.h */ = {isa = PBXFileReference; fileEncoding = 4; lastKnownFileType = sourcecode.c.h; path = ORMImageModel.h; sourceTree = "<group>"; };
		CE4BB2201CB25E280094553C /* ORMImageDataModel.m */ = {isa = PBXFileReference; fileEncoding = 4; lastKnownFileType = sourcecode.c.objc; path = ORMImageDataModel.m; sourceTree = "<group>"; };
		CE6D62A11CAF985600819EDB /* ORMOverflowViewController.h */ = {isa = PBXFileReference; fileEncoding = 4; lastKnownFileType = sourcecode.c.h; path = ORMOverflowViewController.h; sourceTree = "<group>"; };
		CE6D62A21CAF985600819EDB /* ORMOverflowViewController.m */ = {isa = PBXFileReference; fileEncoding = 4; lastKnownFileType = sourcecode.c.objc; path = ORMOverflowViewController.m; sourceTree = "<group>"; };
		CE6D62A31CAF985600819EDB /* ORMOverflowViewController.xib */ = {isa = PBXFileReference; fileEncoding = 4; lastKnownFileType = file.xib; path = ORMOverflowViewController.xib; sourceTree = "<group>"; };
		CE9EE0001CB16F440039AC3F /* ORMImageRequestModel.h */ = {isa = PBXFileReference; fileEncoding = 4; lastKnownFileType = sourcecode.c.h; path = ORMImageRequestModel.h; sourceTree = "<group>"; };
		CE9EE0011CB16F440039AC3F /* ORMImageRequestModel.m */ = {isa = PBXFileReference; fileEncoding = 4; lastKnownFileType = sourcecode.c.objc; path = ORMImageRequestModel.m; sourceTree = "<group>"; };
/* End PBXFileReference section */

/* Begin PBXFrameworksBuildPhase section */
		CE265EDD1CACAA6D0014D4B9 /* Frameworks */ = {
			isa = PBXFrameworksBuildPhase;
			buildActionMask = 2147483647;
			files = (
			);
			runOnlyForDeploymentPostprocessing = 0;
		};
		CE265EF61CACAA6D0014D4B9 /* Frameworks */ = {
			isa = PBXFrameworksBuildPhase;
			buildActionMask = 2147483647;
			files = (
			);
			runOnlyForDeploymentPostprocessing = 0;
		};
		CE265F011CACAA6D0014D4B9 /* Frameworks */ = {
			isa = PBXFrameworksBuildPhase;
			buildActionMask = 2147483647;
			files = (
			);
			runOnlyForDeploymentPostprocessing = 0;
		};
/* End PBXFrameworksBuildPhase section */

/* Begin PBXGroup section */
		CE1AFC5B1CAD1BC700FEC9F4 /* ViewController */ = {
			isa = PBXGroup;
			children = (
				CE26FE541CBED28E007401DC /* 下部选择框 */,
				CE26FE531CBED275007401DC /* 网络查找瀑布流 */,
			);
			name = ViewController;
			path = View;
			sourceTree = "<group>";
		};
		CE265ED71CACAA6D0014D4B9 = {
			isa = PBXGroup;
			children = (
				CE265EE21CACAA6D0014D4B9 /* ORMImageCropper */,
				CE265EFC1CACAA6D0014D4B9 /* ORMImageCropperTests */,
				CE265F071CACAA6D0014D4B9 /* ORMImageCropperUITests */,
				CE265EE11CACAA6D0014D4B9 /* Products */,
			);
			sourceTree = "<group>";
		};
		CE265EE11CACAA6D0014D4B9 /* Products */ = {
			isa = PBXGroup;
			children = (
				CE265EE01CACAA6D0014D4B9 /* ORMImageCropper.app */,
				CE265EF91CACAA6D0014D4B9 /* ORMImageCropperTests.xctest */,
				CE265F041CACAA6D0014D4B9 /* ORMImageCropperUITests.xctest */,
			);
			name = Products;
			sourceTree = "<group>";
		};
		CE265EE21CACAA6D0014D4B9 /* ORMImageCropper */ = {
			isa = PBXGroup;
			children = (
				CE265F161CACAAED0014D4B9 /* ORMImageCropper */,
				CE265EE61CACAA6D0014D4B9 /* AppDelegate.h */,
				CE265EE71CACAA6D0014D4B9 /* AppDelegate.m */,
				CE265EE91CACAA6D0014D4B9 /* ViewController.h */,
				CE265EEA1CACAA6D0014D4B9 /* ViewController.m */,
				CE265EEC1CACAA6D0014D4B9 /* Main.storyboard */,
				CE265EEF1CACAA6D0014D4B9 /* Assets.xcassets */,
				CE265EF11CACAA6D0014D4B9 /* LaunchScreen.storyboard */,
				CE265EF41CACAA6D0014D4B9 /* Info.plist */,
				CE265EE31CACAA6D0014D4B9 /* Supporting Files */,
			);
			path = ORMImageCropper;
			sourceTree = "<group>";
		};
		CE265EE31CACAA6D0014D4B9 /* Supporting Files */ = {
			isa = PBXGroup;
			children = (
				CE265EE41CACAA6D0014D4B9 /* main.m */,
			);
			name = "Supporting Files";
			sourceTree = "<group>";
		};
		CE265EFC1CACAA6D0014D4B9 /* ORMImageCropperTests */ = {
			isa = PBXGroup;
			children = (
				CE265EFD1CACAA6D0014D4B9 /* ORMImageCropperTests.m */,
				CE265EFF1CACAA6D0014D4B9 /* Info.plist */,
			);
			path = ORMImageCropperTests;
			sourceTree = "<group>";
		};
		CE265F071CACAA6D0014D4B9 /* ORMImageCropperUITests */ = {
			isa = PBXGroup;
			children = (
				CE265F081CACAA6D0014D4B9 /* ORMImageCropperUITests.m */,
				CE265F0A1CACAA6D0014D4B9 /* Info.plist */,
			);
			path = ORMImageCropperUITests;
			sourceTree = "<group>";
		};
		CE265F161CACAAED0014D4B9 /* ORMImageCropper */ = {
			isa = PBXGroup;
			children = (
				CE265F171CACAB0F0014D4B9 /* ORMImageCropper.h */,
				CE265F181CACAB0F0014D4B9 /* ORMImageCropper.m */,
				CE1AFC5B1CAD1BC700FEC9F4 /* ViewController */,
				CE6D629D1CAF980A00819EDB /* Model */,
				CE26FE551CBED37A007401DC /* Resoure */,
			);
			path = ORMImageCropper;
			sourceTree = "<group>";
		};
		CE26FE4F1CBED1EB007401DC /* 请求图片列表 */ = {
			isa = PBXGroup;
			children = (
				CE9EE0001CB16F440039AC3F /* ORMImageRequestModel.h */,
				CE9EE0011CB16F440039AC3F /* ORMImageRequestModel.m */,
			);
			name = "请求图片列表";
			sourceTree = "<group>";
		};
		CE26FE501CBED206007401DC /* 从 url请求图片 */ = {
			isa = PBXGroup;
			children = (
				CE1D242A1CBBCFAB003565A4 /* ORMRequestImageModel.h */,
				CE1D242B1CBBCFAB003565A4 /* ORMRequestImageModel.m */,
			);
			name = "从 url请求图片";
			sourceTree = "<group>";
		};
		CE26FE511CBED21E007401DC /* 图片列表返回模型 */ = {
			isa = PBXGroup;
			children = (
				CE4BB21A1CB255870094553C /* ORMImageDataModel.h */,
				CE4BB2201CB25E280094553C /* ORMImageDataModel.m */,
				CE26FE521CBED234007401DC /* 图片属性模型 */,
			);
			name = "图片列表返回模型";
			sourceTree = "<group>";
		};
		CE26FE521CBED234007401DC /* 图片属性模型 */ = {
			isa = PBXGroup;
			children = (
				CE4BB21D1CB25CCB0094553C /* ORMImageModel.h */,
				CE2C30DF1CB2639E00BDF512 /* ORMImageModel.m */,
			);
			name = "图片属性模型";
			sourceTree = "<group>";
		};
		CE26FE531CBED275007401DC /* 网络查找瀑布流 */ = {
			isa = PBXGroup;
			children = (
				CE6D62A11CAF985600819EDB /* ORMOverflowViewController.h */,
				CE6D62A21CAF985600819EDB /* ORMOverflowViewController.m */,
				CE6D62A31CAF985600819EDB /* ORMOverflowViewController.xib */,
			);
			name = "网络查找瀑布流";
			sourceTree = "<group>";
		};
		CE26FE541CBED28E007401DC /* 下部选择框 */ = {
			isa = PBXGroup;
			children = (
				CE1AFC5C1CAD1BC700FEC9F4 /* AlertViewController.h */,
				CE1AFC5D1CAD1BC700FEC9F4 /* AlertViewController.m */,
			);
			name = "下部选择框";
			sourceTree = "<group>";
		};
		CE26FE551CBED37A007401DC /* Resoure */ = {
			isa = PBXGroup;
			children = (
				CE26FE561CBED3B1007401DC /* default.jpg */,
			);
			path = Resoure;
			sourceTree = "<group>";
		};
		CE6D629D1CAF980A00819EDB /* Model */ = {
			isa = PBXGroup;
			children = (
				CE26FE4F1CBED1EB007401DC /* 请求图片列表 */,
				CE26FE501CBED206007401DC /* 从 url请求图片 */,
				CE26FE511CBED21E007401DC /* 图片列表返回模型 */,
			);
			path = Model;
			sourceTree = "<group>";
		};
/* End PBXGroup section */

/* Begin PBXNativeTarget section */
		CE265EDF1CACAA6D0014D4B9 /* ORMImageCropper */ = {
			isa = PBXNativeTarget;
			buildConfigurationList = CE265F0D1CACAA6D0014D4B9 /* Build configuration list for PBXNativeTarget "ORMImageCropper" */;
			buildPhases = (
				CE265EDC1CACAA6D0014D4B9 /* Sources */,
				CE265EDD1CACAA6D0014D4B9 /* Frameworks */,
				CE265EDE1CACAA6D0014D4B9 /* Resources */,
			);
			buildRules = (
			);
			dependencies = (
			);
			name = ORMImageCropper;
			productName = ORMImageCropper;
			productReference = CE265EE01CACAA6D0014D4B9 /* ORMImageCropper.app */;
			productType = "com.apple.product-type.application";
		};
		CE265EF81CACAA6D0014D4B9 /* ORMImageCropperTests */ = {
			isa = PBXNativeTarget;
			buildConfigurationList = CE265F101CACAA6D0014D4B9 /* Build configuration list for PBXNativeTarget "ORMImageCropperTests" */;
			buildPhases = (
				CE265EF51CACAA6D0014D4B9 /* Sources */,
				CE265EF61CACAA6D0014D4B9 /* Frameworks */,
				CE265EF71CACAA6D0014D4B9 /* Resources */,
			);
			buildRules = (
			);
			dependencies = (
				CE265EFB1CACAA6D0014D4B9 /* PBXTargetDependency */,
			);
			name = ORMImageCropperTests;
			productName = ORMImageCropperTests;
			productReference = CE265EF91CACAA6D0014D4B9 /* ORMImageCropperTests.xctest */;
			productType = "com.apple.product-type.bundle.unit-test";
		};
		CE265F031CACAA6D0014D4B9 /* ORMImageCropperUITests */ = {
			isa = PBXNativeTarget;
			buildConfigurationList = CE265F131CACAA6D0014D4B9 /* Build configuration list for PBXNativeTarget "ORMImageCropperUITests" */;
			buildPhases = (
				CE265F001CACAA6D0014D4B9 /* Sources */,
				CE265F011CACAA6D0014D4B9 /* Frameworks */,
				CE265F021CACAA6D0014D4B9 /* Resources */,
			);
			buildRules = (
			);
			dependencies = (
				CE265F061CACAA6D0014D4B9 /* PBXTargetDependency */,
			);
			name = ORMImageCropperUITests;
			productName = ORMImageCropperUITests;
			productReference = CE265F041CACAA6D0014D4B9 /* ORMImageCropperUITests.xctest */;
			productType = "com.apple.product-type.bundle.ui-testing";
		};
/* End PBXNativeTarget section */

/* Begin PBXProject section */
		CE265ED81CACAA6D0014D4B9 /* Project object */ = {
			isa = PBXProject;
			attributes = {
				LastUpgradeCheck = 0720;
				ORGANIZATIONNAME = mredrock;
				TargetAttributes = {
					CE265EDF1CACAA6D0014D4B9 = {
						CreatedOnToolsVersion = 7.2;
						DevelopmentTeam = FYYE36HAH8;
					};
					CE265EF81CACAA6D0014D4B9 = {
						CreatedOnToolsVersion = 7.2;
						TestTargetID = CE265EDF1CACAA6D0014D4B9;
					};
					CE265F031CACAA6D0014D4B9 = {
						CreatedOnToolsVersion = 7.2;
						TestTargetID = CE265EDF1CACAA6D0014D4B9;
					};
				};
			};
			buildConfigurationList = CE265EDB1CACAA6D0014D4B9 /* Build configuration list for PBXProject "ORMImageCropper" */;
			compatibilityVersion = "Xcode 3.2";
			developmentRegion = English;
			hasScannedForEncodings = 0;
			knownRegions = (
				en,
				Base,
			);
			mainGroup = CE265ED71CACAA6D0014D4B9;
			productRefGroup = CE265EE11CACAA6D0014D4B9 /* Products */;
			projectDirPath = "";
			projectRoot = "";
			targets = (
				CE265EDF1CACAA6D0014D4B9 /* ORMImageCropper */,
				CE265EF81CACAA6D0014D4B9 /* ORMImageCropperTests */,
				CE265F031CACAA6D0014D4B9 /* ORMImageCropperUITests */,
			);
		};
/* End PBXProject section */

/* Begin PBXResourcesBuildPhase section */
		CE265EDE1CACAA6D0014D4B9 /* Resources */ = {
			isa = PBXResourcesBuildPhase;
			buildActionMask = 2147483647;
			files = (
				CE265EF31CACAA6D0014D4B9 /* LaunchScreen.storyboard in Resources */,
				CE265EF01CACAA6D0014D4B9 /* Assets.xcassets in Resources */,
				CE265EEE1CACAA6D0014D4B9 /* Main.storyboard in Resources */,
				CE6D62A51CAF985600819EDB /* ORMOverflowViewController.xib in Resources */,
				CE26FE571CBED3B1007401DC /* default.jpg in Resources */,
			);
			runOnlyForDeploymentPostprocessing = 0;
		};
		CE265EF71CACAA6D0014D4B9 /* Resources */ = {
			isa = PBXResourcesBuildPhase;
			buildActionMask = 2147483647;
			files = (
			);
			runOnlyForDeploymentPostprocessing = 0;
		};
		CE265F021CACAA6D0014D4B9 /* Resources */ = {
			isa = PBXResourcesBuildPhase;
			buildActionMask = 2147483647;
			files = (
			);
			runOnlyForDeploymentPostprocessing = 0;
		};
/* End PBXResourcesBuildPhase section */

/* Begin PBXSourcesBuildPhase section */
		CE265EDC1CACAA6D0014D4B9 /* Sources */ = {
			isa = PBXSourcesBuildPhase;
			buildActionMask = 2147483647;
			files = (
				CE1D242C1CBBCFAB003565A4 /* ORMRequestImageModel.m in Sources */,
				CE265F191CACAB0F0014D4B9 /* ORMImageCropper.m in Sources */,
				CE265EEB1CACAA6D0014D4B9 /* ViewController.m in Sources */,
				CE4BB2211CB25E280094553C /* ORMImageDataModel.m in Sources */,
				CE2C30E01CB2639E00BDF512 /* ORMImageModel.m in Sources */,
				CE265EE81CACAA6D0014D4B9 /* AppDelegate.m in Sources */,
				CE265EE51CACAA6D0014D4B9 /* main.m in Sources */,
				CE1AFC5E1CAD1BC700FEC9F4 /* AlertViewController.m in Sources */,
				CE9EE0021CB16F440039AC3F /* ORMImageRequestModel.m in Sources */,
				CE6D62A41CAF985600819EDB /* ORMOverflowViewController.m in Sources */,
			);
			runOnlyForDeploymentPostprocessing = 0;
		};
		CE265EF51CACAA6D0014D4B9 /* Sources */ = {
			isa = PBXSourcesBuildPhase;
			buildActionMask = 2147483647;
			files = (
				CE265EFE1CACAA6D0014D4B9 /* ORMImageCropperTests.m in Sources */,
			);
			runOnlyForDeploymentPostprocessing = 0;
		};
		CE265F001CACAA6D0014D4B9 /* Sources */ = {
			isa = PBXSourcesBuildPhase;
			buildActionMask = 2147483647;
			files = (
				CE265F091CACAA6D0014D4B9 /* ORMImageCropperUITests.m in Sources */,
			);
			runOnlyForDeploymentPostprocessing = 0;
		};
/* End PBXSourcesBuildPhase section */

/* Begin PBXTargetDependency section */
		CE265EFB1CACAA6D0014D4B9 /* PBXTargetDependency */ = {
			isa = PBXTargetDependency;
			target = CE265EDF1CACAA6D0014D4B9 /* ORMImageCropper */;
			targetProxy = CE265EFA1CACAA6D0014D4B9 /* PBXContainerItemProxy */;
		};
		CE265F061CACAA6D0014D4B9 /* PBXTargetDependency */ = {
			isa = PBXTargetDependency;
			target = CE265EDF1CACAA6D0014D4B9 /* ORMImageCropper */;
			targetProxy = CE265F051CACAA6D0014D4B9 /* PBXContainerItemProxy */;
		};
/* End PBXTargetDependency section */

/* Begin PBXVariantGroup section */
		CE265EEC1CACAA6D0014D4B9 /* Main.storyboard */ = {
			isa = PBXVariantGroup;
			children = (
				CE265EED1CACAA6D0014D4B9 /* Base */,
			);
			name = Main.storyboard;
			sourceTree = "<group>";
		};
		CE265EF11CACAA6D0014D4B9 /* LaunchScreen.storyboard */ = {
			isa = PBXVariantGroup;
			children = (
				CE265EF21CACAA6D0014D4B9 /* Base */,
			);
			name = LaunchScreen.storyboard;
			sourceTree = "<group>";
		};
/* End PBXVariantGroup section */

/* Begin XCBuildConfiguration section */
		CE265F0B1CACAA6D0014D4B9 /* Debug */ = {
			isa = XCBuildConfiguration;
			buildSettings = {
				ALWAYS_SEARCH_USER_PATHS = NO;
				CLANG_CXX_LANGUAGE_STANDARD = "gnu++0x";
				CLANG_CXX_LIBRARY = "libc++";
				CLANG_ENABLE_MODULES = YES;
				CLANG_ENABLE_OBJC_ARC = YES;
				CLANG_WARN_BOOL_CONVERSION = YES;
				CLANG_WARN_CONSTANT_CONVERSION = YES;
				CLANG_WARN_DIRECT_OBJC_ISA_USAGE = YES_ERROR;
				CLANG_WARN_EMPTY_BODY = YES;
				CLANG_WARN_ENUM_CONVERSION = YES;
				CLANG_WARN_INT_CONVERSION = YES;
				CLANG_WARN_OBJC_ROOT_CLASS = YES_ERROR;
				CLANG_WARN_UNREACHABLE_CODE = YES;
				CLANG_WARN__DUPLICATE_METHOD_MATCH = YES;
				"CODE_SIGN_IDENTITY[sdk=iphoneos*]" = "iPhone Developer";
				COPY_PHASE_STRIP = NO;
				DEBUG_INFORMATION_FORMAT = dwarf;
				ENABLE_STRICT_OBJC_MSGSEND = YES;
				ENABLE_TESTABILITY = YES;
				GCC_C_LANGUAGE_STANDARD = gnu99;
				GCC_DYNAMIC_NO_PIC = NO;
				GCC_NO_COMMON_BLOCKS = YES;
				GCC_OPTIMIZATION_LEVEL = 0;
				GCC_PREPROCESSOR_DEFINITIONS = (
					"DEBUG=1",
					"$(inherited)",
				);
				GCC_WARN_64_TO_32_BIT_CONVERSION = YES;
				GCC_WARN_ABOUT_RETURN_TYPE = YES_ERROR;
				GCC_WARN_UNDECLARED_SELECTOR = YES;
				GCC_WARN_UNINITIALIZED_AUTOS = YES_AGGRESSIVE;
				GCC_WARN_UNUSED_FUNCTION = YES;
				GCC_WARN_UNUSED_VARIABLE = YES;
				IPHONEOS_DEPLOYMENT_TARGET = 9.2;
				MTL_ENABLE_DEBUG_INFO = YES;
				ONLY_ACTIVE_ARCH = YES;
				SDKROOT = iphoneos;
			};
			name = Debug;
		};
		CE265F0C1CACAA6D0014D4B9 /* Release */ = {
			isa = XCBuildConfiguration;
			buildSettings = {
				ALWAYS_SEARCH_USER_PATHS = NO;
				CLANG_CXX_LANGUAGE_STANDARD = "gnu++0x";
				CLANG_CXX_LIBRARY = "libc++";
				CLANG_ENABLE_MODULES = YES;
				CLANG_ENABLE_OBJC_ARC = YES;
				CLANG_WARN_BOOL_CONVERSION = YES;
				CLANG_WARN_CONSTANT_CONVERSION = YES;
				CLANG_WARN_DIRECT_OBJC_ISA_USAGE = YES_ERROR;
				CLANG_WARN_EMPTY_BODY = YES;
				CLANG_WARN_ENUM_CONVERSION = YES;
				CLANG_WARN_INT_CONVERSION = YES;
				CLANG_WARN_OBJC_ROOT_CLASS = YES_ERROR;
				CLANG_WARN_UNREACHABLE_CODE = YES;
				CLANG_WARN__DUPLICATE_METHOD_MATCH = YES;
				"CODE_SIGN_IDENTITY[sdk=iphoneos*]" = "iPhone Developer";
				COPY_PHASE_STRIP = NO;
				DEBUG_INFORMATION_FORMAT = "dwarf-with-dsym";
				ENABLE_NS_ASSERTIONS = NO;
				ENABLE_STRICT_OBJC_MSGSEND = YES;
				GCC_C_LANGUAGE_STANDARD = gnu99;
				GCC_NO_COMMON_BLOCKS = YES;
				GCC_WARN_64_TO_32_BIT_CONVERSION = YES;
				GCC_WARN_ABOUT_RETURN_TYPE = YES_ERROR;
				GCC_WARN_UNDECLARED_SELECTOR = YES;
				GCC_WARN_UNINITIALIZED_AUTOS = YES_AGGRESSIVE;
				GCC_WARN_UNUSED_FUNCTION = YES;
				GCC_WARN_UNUSED_VARIABLE = YES;
				IPHONEOS_DEPLOYMENT_TARGET = 9.2;
				MTL_ENABLE_DEBUG_INFO = NO;
				SDKROOT = iphoneos;
				VALIDATE_PRODUCT = YES;
			};
			name = Release;
		};
		CE265F0E1CACAA6D0014D4B9 /* Debug */ = {
			isa = XCBuildConfiguration;
			buildSettings = {
				ASSETCATALOG_COMPILER_APPICON_NAME = AppIcon;
				CODE_SIGN_IDENTITY = "iPhone Developer";
				INFOPLIST_FILE = ORMImageCropper/Info.plist;
				IPHONEOS_DEPLOYMENT_TARGET = 8.0;
				LD_RUNPATH_SEARCH_PATHS = "$(inherited) @executable_path/Frameworks";
				PRODUCT_BUNDLE_IDENTIFIER = com.mredrock.ORMImageCropper;
				PRODUCT_NAME = "$(TARGET_NAME)";
			};
			name = Debug;
		};
		CE265F0F1CACAA6D0014D4B9 /* Release */ = {
			isa = XCBuildConfiguration;
			buildSettings = {
				ASSETCATALOG_COMPILER_APPICON_NAME = AppIcon;
				CODE_SIGN_IDENTITY = "iPhone Developer";
				INFOPLIST_FILE = ORMImageCropper/Info.plist;
				IPHONEOS_DEPLOYMENT_TARGET = 8.0;
				LD_RUNPATH_SEARCH_PATHS = "$(inherited) @executable_path/Frameworks";
				PRODUCT_BUNDLE_IDENTIFIER = com.mredrock.ORMImageCropper;
				PRODUCT_NAME = "$(TARGET_NAME)";
			};
			name = Release;
		};
		CE265F111CACAA6D0014D4B9 /* Debug */ = {
			isa = XCBuildConfiguration;
			buildSettings = {
				BUNDLE_LOADER = "$(TEST_HOST)";
				INFOPLIST_FILE = ORMImageCropperTests/Info.plist;
				LD_RUNPATH_SEARCH_PATHS = "$(inherited) @executable_path/Frameworks @loader_path/Frameworks";
				PRODUCT_BUNDLE_IDENTIFIER = com.mredrock.ORMImageCropperTests;
				PRODUCT_NAME = "$(TARGET_NAME)";
				TEST_HOST = "$(BUILT_PRODUCTS_DIR)/ORMImageCropper.app/ORMImageCropper";
			};
			name = Debug;
		};
		CE265F121CACAA6D0014D4B9 /* Release */ = {
			isa = XCBuildConfiguration;
			buildSettings = {
				BUNDLE_LOADER = "$(TEST_HOST)";
				INFOPLIST_FILE = ORMImageCropperTests/Info.plist;
				LD_RUNPATH_SEARCH_PATHS = "$(inherited) @executable_path/Frameworks @loader_path/Frameworks";
				PRODUCT_BUNDLE_IDENTIFIER = com.mredrock.ORMImageCropperTests;
				PRODUCT_NAME = "$(TARGET_NAME)";
				TEST_HOST = "$(BUILT_PRODUCTS_DIR)/ORMImageCropper.app/ORMImageCropper";
			};
			name = Release;
		};
		CE265F141CACAA6D0014D4B9 /* Debug */ = {
			isa = XCBuildConfiguration;
			buildSettings = {
				INFOPLIST_FILE = ORMImageCropperUITests/Info.plist;
				LD_RUNPATH_SEARCH_PATHS = "$(inherited) @executable_path/Frameworks @loader_path/Frameworks";
				PRODUCT_BUNDLE_IDENTIFIER = com.mredrock.ORMImageCropperUITests;
				PRODUCT_NAME = "$(TARGET_NAME)";
				TEST_TARGET_NAME = ORMImageCropper;
				USES_XCTRUNNER = YES;
			};
			name = Debug;
		};
		CE265F151CACAA6D0014D4B9 /* Release */ = {
			isa = XCBuildConfiguration;
			buildSettings = {
				INFOPLIST_FILE = ORMImageCropperUITests/Info.plist;
				LD_RUNPATH_SEARCH_PATHS = "$(inherited) @executable_path/Frameworks @loader_path/Frameworks";
				PRODUCT_BUNDLE_IDENTIFIER = com.mredrock.ORMImageCropperUITests;
				PRODUCT_NAME = "$(TARGET_NAME)";
				TEST_TARGET_NAME = ORMImageCropper;
				USES_XCTRUNNER = YES;
			};
			name = Release;
		};
/* End XCBuildConfiguration section */

/* Begin XCConfigurationList section */
		CE265EDB1CACAA6D0014D4B9 /* Build configuration list for PBXProject "ORMImageCropper" */ = {
			isa = XCConfigurationList;
			buildConfigurations = (
				CE265F0B1CACAA6D0014D4B9 /* Debug */,
				CE265F0C1CACAA6D0014D4B9 /* Release */,
			);
			defaultConfigurationIsVisible = 0;
			defaultConfigurationName = Release;
		};
		CE265F0D1CACAA6D0014D4B9 /* Build configuration list for PBXNativeTarget "ORMImageCropper" */ = {
			isa = XCConfigurationList;
			buildConfigurations = (
				CE265F0E1CACAA6D0014D4B9 /* Debug */,
				CE265F0F1CACAA6D0014D4B9 /* Release */,
			);
			defaultConfigurationIsVisible = 0;
			defaultConfigurationName = Release;
		};
		CE265F101CACAA6D0014D4B9 /* Build configuration list for PBXNativeTarget "ORMImageCropperTests" */ = {
			isa = XCConfigurationList;
			buildConfigurations = (
				CE265F111CACAA6D0014D4B9 /* Debug */,
				CE265F121CACAA6D0014D4B9 /* Release */,
			);
			defaultConfigurationIsVisible = 0;
			defaultConfigurationName = Release;
		};
		CE265F131CACAA6D0014D4B9 /* Build configuration list for PBXNativeTarget "ORMImageCropperUITests" */ = {
			isa = XCConfigurationList;
			buildConfigurations = (
				CE265F141CACAA6D0014D4B9 /* Debug */,
				CE265F151CACAA6D0014D4B9 /* Release */,
			);
			defaultConfigurationIsVisible = 0;
			defaultConfigurationName = Release;
		};
/* End XCConfigurationList section */
	};
	rootObject = CE265ED81CACAA6D0014D4B9 /* Project object */;
}
